
Microsoft Visual Studio Solution File, Format Version 12.00
# Visual Studio Version 17
VisualStudioVersion = 17.11.35303.130
MinimumVisualStudioVersion = 10.0.40219.1
Project("{FAE04EC0-301F-11D3-BF4B-00C04F79EFBC}") = "LeetCode", "LeetCode\LeetCode.csproj", "{8C061193-9796-4EEE-850A-4178284F0C6F}"
EndProject
Project("{FAE04EC0-301F-11D3-BF4B-00C04F79EFBC}") = "LeetTest", "LeetTest\LeetTest.csproj", "{A37AEA41-2310-442E-8148-506A44908540}"
EndProject
Global
	GlobalSection(SolutionConfigurationPlatforms) = preSolution
		Debug|Any CPU = Debug|Any CPU
		Release|Any CPU = Release|Any CPU
	EndGlobalSection
	GlobalSection(ProjectConfigurationPlatforms) = postSolution
		{8C061193-9796-4EEE-850A-4178284F0C6F}.Debug|Any CPU.ActiveCfg = Debug|Any CPU
		{8C061193-9796-4EEE-850A-4178284F0C6F}.Debug|Any CPU.Build.0 = Debug|Any CPU
		{8C061193-9796-4EEE-850A-4178284F0C6F}.Release|Any CPU.ActiveCfg = Release|Any CPU
		{8C061193-9796-4EEE-850A-4178284F0C6F}.Release|Any CPU.Build.0 = Release|Any CPU
		{A37AEA41-2310-442E-8148-506A44908540}.Debug|Any CPU.ActiveCfg = Debug|Any CPU
		{A37AEA41-2310-442E-8148-506A44908540}.Debug|Any CPU.Build.0 = Debug|Any CPU
		{A37AEA41-2310-442E-8148-506A44908540}.Release|Any CPU.ActiveCfg = Release|Any CPU
		{A37AEA41-2310-442E-8148-506A44908540}.Release|Any CPU.Build.0 = Release|Any CPU
	EndGlobalSection
	GlobalSection(SolutionProperties) = preSolution
		HideSolutionNode = FALSE
	EndGlobalSection
	GlobalSection(ExtensibilityGlobals) = postSolution
		SolutionGuid = {403E4EA4-DEA7-462E-9C7B-56F03D32EC39}
	EndGlobalSection
EndGlobal
